{
  "version": 4,
  "terraform_version": "1.9.2",
  "serial": 10,
  "lineage": "5d49b6d5-9002-9157-b2eb-b4dbbf51ad35",
  "outputs": {},
  "resources": [
    {
      "module": "module.ecs_cluster",
      "mode": "managed",
      "type": "aws_ecs_cluster",
      "name": "nginx_cluster",
      "provider": "provider[\"registry.terraform.io/hashicorp/aws\"]",
      "instances": [
        {
          "schema_version": 0,
          "attributes": {
            "arn": "arn:aws:ecs:eu-west-1:921108067704:cluster/kc-ecs-proyectofinal-milton",
            "configuration": [],
            "id": "arn:aws:ecs:eu-west-1:921108067704:cluster/kc-ecs-proyectofinal-milton",
            "name": "kc-ecs-proyectofinal-milton",
            "service_connect_defaults": [],
            "setting": [
              {
                "name": "containerInsights",
                "value": "disabled"
              }
            ],
            "tags": null,
            "tags_all": {}
          },
          "sensitive_attributes": [],
          "private": "bnVsbA=="
        }
      ]
    }
  ],
  "check_results": null
}
